// !$*UTF8*$!
{
	archiveVersion = 1;
	classes = {
	};
	objectVersion = 55;
	objects = {

/* Begin PBXBuildFile section */
		EE40B84D2792CA74009F3E52 /* AppDelegate.swift in Sources */ = {isa = PBXBuildFile; fileRef = EE40B84C2792CA74009F3E52 /* AppDelegate.swift */; };
		EE40B84F2792CA74009F3E52 /* SceneDelegate.swift in Sources */ = {isa = PBXBuildFile; fileRef = EE40B84E2792CA74009F3E52 /* SceneDelegate.swift */; };
		EE40B8542792CA74009F3E52 /* Main.storyboard in Resources */ = {isa = PBXBuildFile; fileRef = EE40B8522792CA74009F3E52 /* Main.storyboard */; };
		EE40B8562792CA75009F3E52 /* Assets.xcassets in Resources */ = {isa = PBXBuildFile; fileRef = EE40B8552792CA75009F3E52 /* Assets.xcassets */; };
		EE40B8592792CA75009F3E52 /* LaunchScreen.storyboard in Resources */ = {isa = PBXBuildFile; fileRef = EE40B8572792CA75009F3E52 /* LaunchScreen.storyboard */; };
		EE40B8612793773A009F3E52 /* GameConfigurationTableViewController.swift in Sources */ = {isa = PBXBuildFile; fileRef = EE40B8602793773A009F3E52 /* GameConfigurationTableViewController.swift */; };
		EE4258B7279ADA0C00EFFBFA /* GameConfiguration.swift in Sources */ = {isa = PBXBuildFile; fileRef = EE4258B6279ADA0C00EFFBFA /* GameConfiguration.swift */; };
		EE54086027A0532200AA3E29 /* Home.plist in Resources */ = {isa = PBXBuildFile; fileRef = EE54085F27A0532200AA3E29 /* Home.plist */; };
		EE67C11A27ABF0B60058EA13 /* HomeEnvironment.swift in Sources */ = {isa = PBXBuildFile; fileRef = EE67C11927ABF0B60058EA13 /* HomeEnvironment.swift */; };
		EE873E7227B587C70086C19F /* PlayerNames.storyboard in Resources */ = {isa = PBXBuildFile; fileRef = EE873E7127B587C70086C19F /* PlayerNames.storyboard */; };
		EE873E7427B588790086C19F /* Environments.storyboard in Resources */ = {isa = PBXBuildFile; fileRef = EE873E7327B588790086C19F /* Environments.storyboard */; };
		EE873E7627B588F50086C19F /* Difficulties.storyboard in Resources */ = {isa = PBXBuildFile; fileRef = EE873E7527B588F50086C19F /* Difficulties.storyboard */; };
		EE88C22D2794CE05003CDB38 /* EnvironmentViewController.swift in Sources */ = {isa = PBXBuildFile; fileRef = EE88C22C2794CE05003CDB38 /* EnvironmentViewController.swift */; };
		EE88C22F2794D22E003CDB38 /* DifficultyViewController.swift in Sources */ = {isa = PBXBuildFile; fileRef = EE88C22E2794D22E003CDB38 /* DifficultyViewController.swift */; };
		EE952CB027B2F97400CBFD32 /* PlayerNamesViewController.swift in Sources */ = {isa = PBXBuildFile; fileRef = EE952CAF27B2F97400CBFD32 /* PlayerNamesViewController.swift */; };
		EEA846DD27A327E800F63B3A /* Park(Street).plist in Resources */ = {isa = PBXBuildFile; fileRef = EEA846DC27A327E800F63B3A /* Park(Street).plist */; };
		EEA846DF27A328BB00F63B3A /* School(University).plist in Resources */ = {isa = PBXBuildFile; fileRef = EEA846DE27A328BB00F63B3A /* School(University).plist */; };
		EEA846E127A3290000F63B3A /* Hotel.plist in Resources */ = {isa = PBXBuildFile; fileRef = EEA846E027A3290000F63B3A /* Hotel.plist */; };
/* End PBXBuildFile section */

/* Begin PBXFileReference section */
		EE40B8492792CA74009F3E52 /* Find It.app */ = {isa = PBXFileReference; explicitFileType = wrapper.application; includeInIndex = 0; path = "Find It.app"; sourceTree = BUILT_PRODUCTS_DIR; };
		EE40B84C2792CA74009F3E52 /* AppDelegate.swift */ = {isa = PBXFileReference; lastKnownFileType = sourcecode.swift; path = AppDelegate.swift; sourceTree = "<group>"; };
		EE40B84E2792CA74009F3E52 /* SceneDelegate.swift */ = {isa = PBXFileReference; lastKnownFileType = sourcecode.swift; path = SceneDelegate.swift; sourceTree = "<group>"; };
		EE40B8532792CA74009F3E52 /* Base */ = {isa = PBXFileReference; lastKnownFileType = file.storyboard; name = Base; path = Base.lproj/Main.storyboard; sourceTree = "<group>"; };
		EE40B8552792CA75009F3E52 /* Assets.xcassets */ = {isa = PBXFileReference; lastKnownFileType = folder.assetcatalog; path = Assets.xcassets; sourceTree = "<group>"; };
		EE40B8582792CA75009F3E52 /* Base */ = {isa = PBXFileReference; lastKnownFileType = file.storyboard; name = Base; path = Base.lproj/LaunchScreen.storyboard; sourceTree = "<group>"; };
		EE40B85A2792CA75009F3E52 /* Info.plist */ = {isa = PBXFileReference; lastKnownFileType = text.plist.xml; path = Info.plist; sourceTree = "<group>"; };
		EE40B8602793773A009F3E52 /* GameConfigurationTableViewController.swift */ = {isa = PBXFileReference; lastKnownFileType = sourcecode.swift; path = GameConfigurationTableViewController.swift; sourceTree = "<group>"; };
		EE4258B6279ADA0C00EFFBFA /* GameConfiguration.swift */ = {isa = PBXFileReference; lastKnownFileType = sourcecode.swift; path = GameConfiguration.swift; sourceTree = "<group>"; };
		EE54085F27A0532200AA3E29 /* Home.plist */ = {isa = PBXFileReference; lastKnownFileType = text.plist.xml; path = Home.plist; sourceTree = "<group>"; };
		EE67C11927ABF0B60058EA13 /* HomeEnvironment.swift */ = {isa = PBXFileReference; lastKnownFileType = sourcecode.swift; path = HomeEnvironment.swift; sourceTree = "<group>"; };
		EE873E7127B587C70086C19F /* PlayerNames.storyboard */ = {isa = PBXFileReference; lastKnownFileType = file.storyboard; path = PlayerNames.storyboard; sourceTree = "<group>"; };
		EE873E7327B588790086C19F /* Environments.storyboard */ = {isa = PBXFileReference; lastKnownFileType = file.storyboard; path = Environments.storyboard; sourceTree = "<group>"; };
		EE873E7527B588F50086C19F /* Difficulties.storyboard */ = {isa = PBXFileReference; lastKnownFileType = file.storyboard; path = Difficulties.storyboard; sourceTree = "<group>"; };
		EE88C22C2794CE05003CDB38 /* EnvironmentViewController.swift */ = {isa = PBXFileReference; lastKnownFileType = sourcecode.swift; path = EnvironmentViewController.swift; sourceTree = "<group>"; };
		EE88C22E2794D22E003CDB38 /* DifficultyViewController.swift */ = {isa = PBXFileReference; lastKnownFileType = sourcecode.swift; path = DifficultyViewController.swift; sourceTree = "<group>"; };
		EE952CAF27B2F97400CBFD32 /* PlayerNamesViewController.swift */ = {isa = PBXFileReference; lastKnownFileType = sourcecode.swift; path = PlayerNamesViewController.swift; sourceTree = "<group>"; };
		EEA846DC27A327E800F63B3A /* Park(Street).plist */ = {isa = PBXFileReference; lastKnownFileType = text.plist.xml; path = "Park(Street).plist"; sourceTree = "<group>"; };
		EEA846DE27A328BB00F63B3A /* School(University).plist */ = {isa = PBXFileReference; lastKnownFileType = text.plist.xml; path = "School(University).plist"; sourceTree = "<group>"; };
		EEA846E027A3290000F63B3A /* Hotel.plist */ = {isa = PBXFileReference; lastKnownFileType = text.plist.xml; path = Hotel.plist; sourceTree = "<group>"; };
/* End PBXFileReference section */

/* Begin PBXFrameworksBuildPhase section */
		EE40B8462792CA74009F3E52 /* Frameworks */ = {
			isa = PBXFrameworksBuildPhase;
			buildActionMask = 2147483647;
			files = (
			);
			runOnlyForDeploymentPostprocessing = 0;
		};
/* End PBXFrameworksBuildPhase section */

/* Begin PBXGroup section */
		EE40B8402792CA74009F3E52 = {
			isa = PBXGroup;
			children = (
				EE40B84B2792CA74009F3E52 /* Find It */,
				EE40B84A2792CA74009F3E52 /* Products */,
			);
			sourceTree = "<group>";
		};
		EE40B84A2792CA74009F3E52 /* Products */ = {
			isa = PBXGroup;
			children = (
				EE40B8492792CA74009F3E52 /* Find It.app */,
			);
			name = Products;
			sourceTree = "<group>";
		};
		EE40B84B2792CA74009F3E52 /* Find It */ = {
			isa = PBXGroup;
			children = (
				EE873E7027B5851E0086C19F /* StoryBoards */,
				EE88C2302794D250003CDB38 /* Controller */,
				EE4258B5279AD99800EFFBFA /* Model */,
				EEA846DB27A3277E00F63B3A /* Property Lists */,
				EE40B84E2792CA74009F3E52 /* SceneDelegate.swift */,
				EE40B84C2792CA74009F3E52 /* AppDelegate.swift */,
				EE40B8552792CA75009F3E52 /* Assets.xcassets */,
				EE40B8572792CA75009F3E52 /* LaunchScreen.storyboard */,
				EE40B85A2792CA75009F3E52 /* Info.plist */,
			);
			path = "Find It";
			sourceTree = "<group>";
		};
		EE4258B5279AD99800EFFBFA /* Model */ = {
			isa = PBXGroup;
			children = (
				EE4258B6279ADA0C00EFFBFA /* GameConfiguration.swift */,
				EE67C11927ABF0B60058EA13 /* HomeEnvironment.swift */,
			);
			path = Model;
			sourceTree = "<group>";
		};
		EE873E7027B5851E0086C19F /* StoryBoards */ = {
			isa = PBXGroup;
			children = (
				EE40B8522792CA74009F3E52 /* Main.storyboard */,
				EE873E7527B588F50086C19F /* Difficulties.storyboard */,
				EE873E7327B588790086C19F /* Environments.storyboard */,
				EE873E7127B587C70086C19F /* PlayerNames.storyboard */,
			);
			path = StoryBoards;
			sourceTree = "<group>";
		};
		EE88C2302794D250003CDB38 /* Controller */ = {
			isa = PBXGroup;
			children = (
				EE88C22E2794D22E003CDB38 /* DifficultyViewController.swift */,
				EE40B8602793773A009F3E52 /* GameConfigurationTableViewController.swift */,
				EE952CAF27B2F97400CBFD32 /* PlayerNamesViewController.swift */,
				EE88C22C2794CE05003CDB38 /* EnvironmentViewController.swift */,
			);
			path = Controller;
			sourceTree = "<group>";
		};
		EEA846DB27A3277E00F63B3A /* Property Lists */ = {
			isa = PBXGroup;
			children = (
				EE54085F27A0532200AA3E29 /* Home.plist */,
				EEA846E027A3290000F63B3A /* Hotel.plist */,
				EEA846DC27A327E800F63B3A /* Park(Street).plist */,
				EEA846DE27A328BB00F63B3A /* School(University).plist */,
			);
			path = "Property Lists";
			sourceTree = "<group>";
		};
/* End PBXGroup section */

/* Begin PBXNativeTarget section */
		EE40B8482792CA74009F3E52 /* Find It */ = {
			isa = PBXNativeTarget;
			buildConfigurationList = EE40B85D2792CA75009F3E52 /* Build configuration list for PBXNativeTarget "Find It" */;
			buildPhases = (
				EE40B8452792CA74009F3E52 /* Sources */,
				EE40B8462792CA74009F3E52 /* Frameworks */,
				EE40B8472792CA74009F3E52 /* Resources */,
			);
			buildRules = (
			);
			dependencies = (
			);
			name = "Find It";
			productName = "Find It";
			productReference = EE40B8492792CA74009F3E52 /* Find It.app */;
			productType = "com.apple.product-type.application";
		};
/* End PBXNativeTarget section */

/* Begin PBXProject section */
		EE40B8412792CA74009F3E52 /* Project object */ = {
			isa = PBXProject;
			attributes = {
				BuildIndependentTargetsInParallel = 1;
				LastSwiftUpdateCheck = 1320;
				LastUpgradeCheck = 1320;
				TargetAttributes = {
					EE40B8482792CA74009F3E52 = {
						CreatedOnToolsVersion = 13.2.1;
					};
				};
			};
			buildConfigurationList = EE40B8442792CA74009F3E52 /* Build configuration list for PBXProject "Find It" */;
			compatibilityVersion = "Xcode 13.0";
			developmentRegion = en;
			hasScannedForEncodings = 0;
			knownRegions = (
				en,
				Base,
			);
			mainGroup = EE40B8402792CA74009F3E52;
			productRefGroup = EE40B84A2792CA74009F3E52 /* Products */;
			projectDirPath = "";
			projectRoot = "";
			targets = (
				EE40B8482792CA74009F3E52 /* Find It */,
			);
		};
/* End PBXProject section */

/* Begin PBXResourcesBuildPhase section */
		EE40B8472792CA74009F3E52 /* Resources */ = {
			isa = PBXResourcesBuildPhase;
			buildActionMask = 2147483647;
			files = (
				EE54086027A0532200AA3E29 /* Home.plist in Resources */,
				EEA846DD27A327E800F63B3A /* Park(Street).plist in Resources */,
				EE40B8592792CA75009F3E52 /* LaunchScreen.storyboard in Resources */,
				EEA846DF27A328BB00F63B3A /* School(University).plist in Resources */,
				EE873E7427B588790086C19F /* Environments.storyboard in Resources */,
				EE873E7627B588F50086C19F /* Difficulties.storyboard in Resources */,
				EE40B8562792CA75009F3E52 /* Assets.xcassets in Resources */,
				EE40B8542792CA74009F3E52 /* Main.storyboard in Resources */,
				EE873E7227B587C70086C19F /* PlayerNames.storyboard in Resources */,
				EEA846E127A3290000F63B3A /* Hotel.plist in Resources */,
			);
			runOnlyForDeploymentPostprocessing = 0;
		};
/* End PBXResourcesBuildPhase section */

/* Begin PBXSourcesBuildPhase section */
		EE40B8452792CA74009F3E52 /* Sources */ = {
			isa = PBXSourcesBuildPhase;
			buildActionMask = 2147483647;
			files = (
				EE88C22D2794CE05003CDB38 /* EnvironmentViewController.swift in Sources */,
				EE88C22F2794D22E003CDB38 /* DifficultyViewController.swift in Sources */,
				EE4258B7279ADA0C00EFFBFA /* GameConfiguration.swift in Sources */,
				EE40B84D2792CA74009F3E52 /* AppDelegate.swift in Sources */,
				EE40B8612793773A009F3E52 /* GameConfigurationTableViewController.swift in Sources */,
				EE67C11A27ABF0B60058EA13 /* HomeEnvironment.swift in Sources */,
				EE952CB027B2F97400CBFD32 /* PlayerNamesViewController.swift in Sources */,
				EE40B84F2792CA74009F3E52 /* SceneDelegate.swift in Sources */,
			);
			runOnlyForDeploymentPostprocessing = 0;
		};
/* End PBXSourcesBuildPhase section */

/* Begin PBXVariantGroup section */
		EE40B8522792CA74009F3E52 /* Main.storyboard */ = {
			isa = PBXVariantGroup;
			children = (
				EE40B8532792CA74009F3E52 /* Base */,
			);
			name = Main.storyboard;
			sourceTree = "<group>";
		};
		EE40B8572792CA75009F3E52 /* LaunchScreen.storyboard */ = {
			isa = PBXVariantGroup;
			children = (
				EE40B8582792CA75009F3E52 /* Base */,
			);
			name = LaunchScreen.storyboard;
			sourceTree = "<group>";
		};
/* End PBXVariantGroup section */

/* Begin XCBuildConfiguration section */
		EE40B85B2792CA75009F3E52 /* Debug */ = {
			isa = XCBuildConfiguration;
			buildSettings = {
				ALWAYS_SEARCH_USER_PATHS = NO;
				CLANG_ANALYZER_NONNULL = YES;
				CLANG_ANALYZER_NUMBER_OBJECT_CONVERSION = YES_AGGRESSIVE;
				CLANG_CXX_LANGUAGE_STANDARD = "gnu++17";
				CLANG_CXX_LIBRARY = "libc++";
				CLANG_ENABLE_MODULES = YES;
				CLANG_ENABLE_OBJC_ARC = YES;
				CLANG_ENABLE_OBJC_WEAK = YES;
				CLANG_WARN_BLOCK_CAPTURE_AUTORELEASING = YES;
				CLANG_WARN_BOOL_CONVERSION = YES;
				CLANG_WARN_COMMA = YES;
				CLANG_WARN_CONSTANT_CONVERSION = YES;
				CLANG_WARN_DEPRECATED_OBJC_IMPLEMENTATIONS = YES;
				CLANG_WARN_DIRECT_OBJC_ISA_USAGE = YES_ERROR;
				CLANG_WARN_DOCUMENTATION_COMMENTS = YES;
				CLANG_WARN_EMPTY_BODY = YES;
				CLANG_WARN_ENUM_CONVERSION = YES;
				CLANG_WARN_INFINITE_RECURSION = YES;
				CLANG_WARN_INT_CONVERSION = YES;
				CLANG_WARN_NON_LITERAL_NULL_CONVERSION = YES;
				CLANG_WARN_OBJC_IMPLICIT_RETAIN_SELF = YES;
				CLANG_WARN_OBJC_LITERAL_CONVERSION = YES;
				CLANG_WARN_OBJC_ROOT_CLASS = YES_ERROR;
				CLANG_WARN_QUOTED_INCLUDE_IN_FRAMEWORK_HEADER = YES;
				CLANG_WARN_RANGE_LOOP_ANALYSIS = YES;
				CLANG_WARN_STRICT_PROTOTYPES = YES;
				CLANG_WARN_SUSPICIOUS_MOVE = YES;
				CLANG_WARN_UNGUARDED_AVAILABILITY = YES_AGGRESSIVE;
				CLANG_WARN_UNREACHABLE_CODE = YES;
				CLANG_WARN__DUPLICATE_METHOD_MATCH = YES;
				COPY_PHASE_STRIP = NO;
				DEBUG_INFORMATION_FORMAT = dwarf;
				ENABLE_STRICT_OBJC_MSGSEND = YES;
				ENABLE_TESTABILITY = YES;
				GCC_C_LANGUAGE_STANDARD = gnu11;
				GCC_DYNAMIC_NO_PIC = NO;
				GCC_NO_COMMON_BLOCKS = YES;
				GCC_OPTIMIZATION_LEVEL = 0;
				GCC_PREPROCESSOR_DEFINITIONS = (
					"DEBUG=1",
					"$(inherited)",
				);
				GCC_WARN_64_TO_32_BIT_CONVERSION = YES;
				GCC_WARN_ABOUT_RETURN_TYPE = YES_ERROR;
				GCC_WARN_UNDECLARED_SELECTOR = YES;
				GCC_WARN_UNINITIALIZED_AUTOS = YES_AGGRESSIVE;
				GCC_WARN_UNUSED_FUNCTION = YES;
				GCC_WARN_UNUSED_VARIABLE = YES;
				IPHONEOS_DEPLOYMENT_TARGET = 15.2;
				MTL_ENABLE_DEBUG_INFO = INCLUDE_SOURCE;
				MTL_FAST_MATH = YES;
				ONLY_ACTIVE_ARCH = YES;
				SDKROOT = iphoneos;
				SWIFT_ACTIVE_COMPILATION_CONDITIONS = DEBUG;
				SWIFT_OPTIMIZATION_LEVEL = "-Onone";
			};
			name = Debug;
		};
		EE40B85C2792CA75009F3E52 /* Release */ = {
			isa = XCBuildConfiguration;
			buildSettings = {
				ALWAYS_SEARCH_USER_PATHS = NO;
				CLANG_ANALYZER_NONNULL = YES;
				CLANG_ANALYZER_NUMBER_OBJECT_CONVERSION = YES_AGGRESSIVE;
				CLANG_CXX_LANGUAGE_STANDARD = "gnu++17";
				CLANG_CXX_LIBRARY = "libc++";
				CLANG_ENABLE_MODULES = YES;
				CLANG_ENABLE_OBJC_ARC = YES;
				CLANG_ENABLE_OBJC_WEAK = YES;
				CLANG_WARN_BLOCK_CAPTURE_AUTORELEASING = YES;
				CLANG_WARN_BOOL_CONVERSION = YES;
				CLANG_WARN_COMMA = YES;
				CLANG_WARN_CONSTANT_CONVERSION = YES;
				CLANG_WARN_DEPRECATED_OBJC_IMPLEMENTATIONS = YES;
				CLANG_WARN_DIRECT_OBJC_ISA_USAGE = YES_ERROR;
				CLANG_WARN_DOCUMENTATION_COMMENTS = YES;
				CLANG_WARN_EMPTY_BODY = YES;
				CLANG_WARN_ENUM_CONVERSION = YES;
				CLANG_WARN_INFINITE_RECURSION = YES;
				CLANG_WARN_INT_CONVERSION = YES;
				CLANG_WARN_NON_LITERAL_NULL_CONVERSION = YES;
				CLANG_WARN_OBJC_IMPLICIT_RETAIN_SELF = YES;
				CLANG_WARN_OBJC_LITERAL_CONVERSION = YES;
				CLANG_WARN_OBJC_ROOT_CLASS = YES_ERROR;
				CLANG_WARN_QUOTED_INCLUDE_IN_FRAMEWORK_HEADER = YES;
				CLANG_WARN_RANGE_LOOP_ANALYSIS = YES;
				CLANG_WARN_STRICT_PROTOTYPES = YES;
				CLANG_WARN_SUSPICIOUS_MOVE = YES;
				CLANG_WARN_UNGUARDED_AVAILABILITY = YES_AGGRESSIVE;
				CLANG_WARN_UNREACHABLE_CODE = YES;
				CLANG_WARN__DUPLICATE_METHOD_MATCH = YES;
				COPY_PHASE_STRIP = NO;
				DEBUG_INFORMATION_FORMAT = "dwarf-with-dsym";
				ENABLE_NS_ASSERTIONS = NO;
				ENABLE_STRICT_OBJC_MSGSEND = YES;
				GCC_C_LANGUAGE_STANDARD = gnu11;
				GCC_NO_COMMON_BLOCKS = YES;
				GCC_WARN_64_TO_32_BIT_CONVERSION = YES;
				GCC_WARN_ABOUT_RETURN_TYPE = YES_ERROR;
				GCC_WARN_UNDECLARED_SELECTOR = YES;
				GCC_WARN_UNINITIALIZED_AUTOS = YES_AGGRESSIVE;
				GCC_WARN_UNUSED_FUNCTION = YES;
				GCC_WARN_UNUSED_VARIABLE = YES;
				IPHONEOS_DEPLOYMENT_TARGET = 15.2;
				MTL_ENABLE_DEBUG_INFO = NO;
				MTL_FAST_MATH = YES;
				SDKROOT = iphoneos;
				SWIFT_COMPILATION_MODE = wholemodule;
				SWIFT_OPTIMIZATION_LEVEL = "-O";
				VALIDATE_PRODUCT = YES;
			};
			name = Release;
		};
		EE40B85E2792CA75009F3E52 /* Debug */ = {
			isa = XCBuildConfiguration;
			buildSettings = {
				ASSETCATALOG_COMPILER_APPICON_NAME = AppIcon;
				ASSETCATALOG_COMPILER_GLOBAL_ACCENT_COLOR_NAME = AccentColor;
				CODE_SIGN_STYLE = Automatic;
				CURRENT_PROJECT_VERSION = 1;
				DEVELOPMENT_TEAM = 3X949GH6N8;
				GENERATE_INFOPLIST_FILE = YES;
				INFOPLIST_FILE = "Find It/Info.plist";
				INFOPLIST_KEY_UIApplicationSupportsIndirectInputEvents = YES;
				INFOPLIST_KEY_UILaunchStoryboardName = LaunchScreen;
				INFOPLIST_KEY_UIMainStoryboardFile = Main;
				INFOPLIST_KEY_UISupportedInterfaceOrientations_iPad = "UIInterfaceOrientationPortrait UIInterfaceOrientationPortraitUpsideDown UIInterfaceOrientationLandscapeLeft UIInterfaceOrientationLandscapeRight";
				INFOPLIST_KEY_UISupportedInterfaceOrientations_iPhone = "UIInterfaceOrientationPortrait UIInterfaceOrientationLandscapeLeft UIInterfaceOrientationLandscapeRight";
				LD_RUNPATH_SEARCH_PATHS = (
					"$(inherited)",
					"@executable_path/Frameworks",
				);
				MARKETING_VERSION = 1.0;
				PRODUCT_BUNDLE_IDENTIFIER = "ActiveGames.Find-It";
				PRODUCT_NAME = "$(TARGET_NAME)";
				SWIFT_EMIT_LOC_STRINGS = YES;
				SWIFT_VERSION = 5.0;
				TARGETED_DEVICE_FAMILY = "1,2";
			};
			name = Debug;
		};
		EE40B85F2792CA75009F3E52 /* Release */ = {
			isa = XCBuildConfiguration;
			buildSettings = {
				ASSETCATALOG_COMPILER_APPICON_NAME = AppIcon;
				ASSETCATALOG_COMPILER_GLOBAL_ACCENT_COLOR_NAME = AccentColor;
				CODE_SIGN_STYLE = Automatic;
				CURRENT_PROJECT_VERSION = 1;
				DEVELOPMENT_TEAM = 3X949GH6N8;
				GENERATE_INFOPLIST_FILE = YES;
				INFOPLIST_FILE = "Find It/Info.plist";
				INFOPLIST_KEY_UIApplicationSupportsIndirectInputEvents = YES;
				INFOPLIST_KEY_UILaunchStoryboardName = LaunchScreen;
				INFOPLIST_KEY_UIMainStoryboardFile = Main;
				INFOPLIST_KEY_UISupportedInterfaceOrientations_iPad = "UIInterfaceOrientationPortrait UIInterfaceOrientationPortraitUpsideDown UIInterfaceOrientationLandscapeLeft UIInterfaceOrientationLandscapeRight";
				INFOPLIST_KEY_UISupportedInterfaceOrientations_iPhone = "UIInterfaceOrientationPortrait UIInterfaceOrientationLandscapeLeft UIInterfaceOrientationLandscapeRight";
				LD_RUNPATH_SEARCH_PATHS = (
					"$(inherited)",
					"@executable_path/Frameworks",
				);
				MARKETING_VERSION = 1.0;
				PRODUCT_BUNDLE_IDENTIFIER = "ActiveGames.Find-It";
				PRODUCT_NAME = "$(TARGET_NAME)";
				SWIFT_EMIT_LOC_STRINGS = YES;
				SWIFT_VERSION = 5.0;
				TARGETED_DEVICE_FAMILY = "1,2";
			};
			name = Release;
		};
/* End XCBuildConfiguration section */

/* Begin XCConfigurationList section */
		EE40B8442792CA74009F3E52 /* Build configuration list for PBXProject "Find It" */ = {
			isa = XCConfigurationList;
			buildConfigurations = (
				EE40B85B2792CA75009F3E52 /* Debug */,
				EE40B85C2792CA75009F3E52 /* Release */,
			);
			defaultConfigurationIsVisible = 0;
			defaultConfigurationName = Release;
		};
		EE40B85D2792CA75009F3E52 /* Build configuration list for PBXNativeTarget "Find It" */ = {
			isa = XCConfigurationList;
			buildConfigurations = (
				EE40B85E2792CA75009F3E52 /* Debug */,
				EE40B85F2792CA75009F3E52 /* Release */,
			);
			defaultConfigurationIsVisible = 0;
			defaultConfigurationName = Release;
		};
/* End XCConfigurationList section */
	};
	rootObject = EE40B8412792CA74009F3E52 /* Project object */;
}
